
Microsoft Visual Studio Solution File, Format Version 12.00
Project("{FAE04EC0-301F-11D3-BF4B-00C04F79EFBC}") = "MessagingToolkit", "MessagingToolkit\MessagingToolkit.csproj", "{33DA66F2-5741-48B3-BB18-0AD05A00A7B6}"
EndProject
Project("{FAE04EC0-301F-11D3-BF4B-00C04F79EFBC}") = "MessagingToolkit.Tests", "MessagingToolkit.Tests\MessagingToolkit.Tests.csproj", "{201A0C56-1AB4-4DCA-9DBD-5E4FF398F2A1}"
EndProject
Project("{2150E333-8FDC-42A3-9474-1A3956D46DE8}") = "SolutionItems", "SolutionItems", "{E3A86B21-B015-46A0-BD89-DF2F2B385696}"
	ProjectSection(SolutionItems) = preProject
		.gitignore = .gitignore
		.github\workflows\dotnet-desktop.yml = .github\workflows\dotnet-desktop.yml
	EndProjectSection
EndProject
Project("{FAE04EC0-301F-11D3-BF4B-00C04F79EFBC}") = "MessagingToolkit.Standalone", "MessagingToolkit.Standalone\MessagingToolkit.Standalone.csproj", "{016F2040-1A32-4F39-AA26-B460409C6EBE}"
EndProject
Global
	GlobalSection(SolutionConfigurationPlatforms) = preSolution
		Debug|Any CPU = Debug|Any CPU
		Release|Any CPU = Release|Any CPU
	EndGlobalSection
	GlobalSection(ProjectConfigurationPlatforms) = postSolution
		{33DA66F2-5741-48B3-BB18-0AD05A00A7B6}.Debug|Any CPU.ActiveCfg = Debug|Any CPU
		{33DA66F2-5741-48B3-BB18-0AD05A00A7B6}.Debug|Any CPU.Build.0 = Debug|Any CPU
		{33DA66F2-5741-48B3-BB18-0AD05A00A7B6}.Release|Any CPU.ActiveCfg = Release|Any CPU
		{33DA66F2-5741-48B3-BB18-0AD05A00A7B6}.Release|Any CPU.Build.0 = Release|Any CPU
		{201A0C56-1AB4-4DCA-9DBD-5E4FF398F2A1}.Debug|Any CPU.ActiveCfg = Debug|Any CPU
		{201A0C56-1AB4-4DCA-9DBD-5E4FF398F2A1}.Debug|Any CPU.Build.0 = Debug|Any CPU
		{201A0C56-1AB4-4DCA-9DBD-5E4FF398F2A1}.Release|Any CPU.ActiveCfg = Release|Any CPU
		{201A0C56-1AB4-4DCA-9DBD-5E4FF398F2A1}.Release|Any CPU.Build.0 = Release|Any CPU
		{016F2040-1A32-4F39-AA26-B460409C6EBE}.Debug|Any CPU.ActiveCfg = Debug|Any CPU
		{016F2040-1A32-4F39-AA26-B460409C6EBE}.Debug|Any CPU.Build.0 = Debug|Any CPU
		{016F2040-1A32-4F39-AA26-B460409C6EBE}.Release|Any CPU.ActiveCfg = Release|Any CPU
		{016F2040-1A32-4F39-AA26-B460409C6EBE}.Release|Any CPU.Build.0 = Release|Any CPU
	EndGlobalSection
EndGlobal
